PODS:
  - Flutter (1.0.0)
  - flutter_audio_manager (0.0.1):
    - Flutter

DEPENDENCIES:
  - Flutter (from `Flutter`)
  - flutter_audio_manager (from `.symlinks/plugins/flutter_audio_manager/ios`)

EXTERNAL SOURCES:
  Flutter:
    :path: Flutter
  flutter_audio_manager:
    :path: ".symlinks/plugins/flutter_audio_manager/ios"

SPEC CHECKSUMS:
  Flutter: 0e3d915762c693b495b44d77113d4970485de6ec
  flutter_audio_manager: 5945fdba99ff5e6c54d7e9b78d35b3a3bd574a9b

PODFILE CHECKSUM: c34e2287a9ccaa606aeceab922830efb9a6ff69a

COCOAPODS: 1.9.3
